
Microsoft Visual Studio Solution File, Format Version 12.00
# Visual Studio Version 17
VisualStudioVersion = 17.10.35013.160
MinimumVisualStudioVersion = 10.0.40219.1
Project("{FAE04EC0-301F-11D3-BF4B-00C04F79EFBC}") = "Anomoly.KitsPlusv2", "Anomoly.KitsPlusv2\Anomoly.KitsPlusv2.csproj", "{4E42E6C5-8D45-402D-9E6C-411F7DE9D8FB}"
EndProject
Global
	GlobalSection(SolutionConfigurationPlatforms) = preSolution
		Debug|Any CPU = Debug|Any CPU
		Release|Any CPU = Release|Any CPU
	EndGlobalSection
	GlobalSection(ProjectConfigurationPlatforms) = postSolution
		{4E42E6C5-8D45-402D-9E6C-411F7DE9D8FB}.Debug|Any CPU.ActiveCfg = Debug|Any CPU
		{4E42E6C5-8D45-402D-9E6C-411F7DE9D8FB}.Debug|Any CPU.Build.0 = Debug|Any CPU
		{4E42E6C5-8D45-402D-9E6C-411F7DE9D8FB}.Release|Any CPU.ActiveCfg = Release|Any CPU
		{4E42E6C5-8D45-402D-9E6C-411F7DE9D8FB}.Release|Any CPU.Build.0 = Release|Any CPU
	EndGlobalSection
	GlobalSection(SolutionProperties) = preSolution
		HideSolutionNode = FALSE
	EndGlobalSection
	GlobalSection(ExtensibilityGlobals) = postSolution
		SolutionGuid = {3DE15551-08E7-4D90-BB62-814EF1D4AAA0}
	EndGlobalSection
EndGlobal
